
Microsoft Visual Studio Solution File, Format Version 12.00
# Visual Studio Version 17
VisualStudioVersion = 17.6.33723.286
MinimumVisualStudioVersion = 10.0.40219.1
Project("{FAE04EC0-301F-11D3-BF4B-00C04F79EFBC}") = "gateway-api-demo-csharp", "gateway-api-demo-csharp.csproj", "{081AFE07-C45E-47AE-B581-7BB10E7C7BD8}"
EndProject
Global
	GlobalSection(SolutionConfigurationPlatforms) = preSolution
		Debug|Any CPU = Debug|Any CPU
		Release|Any CPU = Release|Any CPU
	EndGlobalSection
	GlobalSection(ProjectConfigurationPlatforms) = postSolution
		{081AFE07-C45E-47AE-B581-7BB10E7C7BD8}.Debug|Any CPU.ActiveCfg = Debug|Any CPU
		{081AFE07-C45E-47AE-B581-7BB10E7C7BD8}.Debug|Any CPU.Build.0 = Debug|Any CPU
		{081AFE07-C45E-47AE-B581-7BB10E7C7BD8}.Release|Any CPU.ActiveCfg = Release|Any CPU
		{081AFE07-C45E-47AE-B581-7BB10E7C7BD8}.Release|Any CPU.Build.0 = Release|Any CPU
	EndGlobalSection
	GlobalSection(SolutionProperties) = preSolution
		HideSolutionNode = FALSE
	EndGlobalSection
	GlobalSection(ExtensibilityGlobals) = postSolution
		SolutionGuid = {2FDE14F7-6EA0-46C0-80D2-83ADA183A0D7}
	EndGlobalSection
EndGlobal
